// !$*UTF8*$!
{
	archiveVersion = 1;
	classes = {
	};
	objectVersion = 50;
	objects = {

/* Begin PBXBuildFile section */
		9D49C58523B0373500CA73EA /* AppDelegate.swift in Sources */ = {isa = PBXBuildFile; fileRef = 9D49C58423B0373500CA73EA /* AppDelegate.swift */; };
		9D49C58723B0373500CA73EA /* SceneDelegate.swift in Sources */ = {isa = PBXBuildFile; fileRef = 9D49C58623B0373500CA73EA /* SceneDelegate.swift */; };
		9D49C58923B0373500CA73EA /* ContentView.swift in Sources */ = {isa = PBXBuildFile; fileRef = 9D49C58823B0373500CA73EA /* ContentView.swift */; };
		9D49C58B23B0373900CA73EA /* Assets.xcassets in Resources */ = {isa = PBXBuildFile; fileRef = 9D49C58A23B0373900CA73EA /* Assets.xcassets */; };
		9D49C58E23B0373900CA73EA /* Preview Assets.xcassets in Resources */ = {isa = PBXBuildFile; fileRef = 9D49C58D23B0373900CA73EA /* Preview Assets.xcassets */; };
		9D49C59123B0373900CA73EA /* LaunchScreen.storyboard in Resources */ = {isa = PBXBuildFile; fileRef = 9D49C58F23B0373900CA73EA /* LaunchScreen.storyboard */; };
		9D49C59923B0375000CA73EA /* ImageDownloader.swift in Sources */ = {isa = PBXBuildFile; fileRef = 9D49C59823B0375000CA73EA /* ImageDownloader.swift */; };
		9D49C59B23B072B900CA73EA /* URLImage.swift in Sources */ = {isa = PBXBuildFile; fileRef = 9D49C59A23B072B900CA73EA /* URLImage.swift */; };
/* End PBXBuildFile section */

/* Begin PBXFileReference section */
		9D49C58123B0373500CA73EA /* ImageDownloadSwftUI.app */ = {isa = PBXFileReference; explicitFileType = wrapper.application; includeInIndex = 0; path = ImageDownloadSwftUI.app; sourceTree = BUILT_PRODUCTS_DIR; };
		9D49C58423B0373500CA73EA /* AppDelegate.swift */ = {isa = PBXFileReference; lastKnownFileType = sourcecode.swift; path = AppDelegate.swift; sourceTree = "<group>"; };
		9D49C58623B0373500CA73EA /* SceneDelegate.swift */ = {isa = PBXFileReference; lastKnownFileType = sourcecode.swift; path = SceneDelegate.swift; sourceTree = "<group>"; };
		9D49C58823B0373500CA73EA /* ContentView.swift */ = {isa = PBXFileReference; lastKnownFileType = sourcecode.swift; path = ContentView.swift; sourceTree = "<group>"; };
		9D49C58A23B0373900CA73EA /* Assets.xcassets */ = {isa = PBXFileReference; lastKnownFileType = folder.assetcatalog; path = Assets.xcassets; sourceTree = "<group>"; };
		9D49C58D23B0373900CA73EA /* Preview Assets.xcassets */ = {isa = PBXFileReference; lastKnownFileType = folder.assetcatalog; path = "Preview Assets.xcassets"; sourceTree = "<group>"; };
		9D49C59023B0373900CA73EA /* Base */ = {isa = PBXFileReference; lastKnownFileType = file.storyboard; name = Base; path = Base.lproj/LaunchScreen.storyboard; sourceTree = "<group>"; };
		9D49C59223B0373900CA73EA /* Info.plist */ = {isa = PBXFileReference; lastKnownFileType = text.plist.xml; path = Info.plist; sourceTree = "<group>"; };
		9D49C59823B0375000CA73EA /* ImageDownloader.swift */ = {isa = PBXFileReference; lastKnownFileType = sourcecode.swift; path = ImageDownloader.swift; sourceTree = "<group>"; };
		9D49C59A23B072B900CA73EA /* URLImage.swift */ = {isa = PBXFileReference; lastKnownFileType = sourcecode.swift; path = URLImage.swift; sourceTree = "<group>"; };
/* End PBXFileReference section */

/* Begin PBXFrameworksBuildPhase section */
		9D49C57E23B0373500CA73EA /* Frameworks */ = {
			isa = PBXFrameworksBuildPhase;
			buildActionMask = 2147483647;
			files = (
			);
			runOnlyForDeploymentPostprocessing = 0;
		};
/* End PBXFrameworksBuildPhase section */

/* Begin PBXGroup section */
		9D49C57823B0373500CA73EA = {
			isa = PBXGroup;
			children = (
				9D49C58323B0373500CA73EA /* ImageDownloadSwftUI */,
				9D49C58223B0373500CA73EA /* Products */,
			);
			sourceTree = "<group>";
		};
		9D49C58223B0373500CA73EA /* Products */ = {
			isa = PBXGroup;
			children = (
				9D49C58123B0373500CA73EA /* ImageDownloadSwftUI.app */,
			);
			name = Products;
			sourceTree = "<group>";
		};
		9D49C58323B0373500CA73EA /* ImageDownloadSwftUI */ = {
			isa = PBXGroup;
			children = (
				9D49C58423B0373500CA73EA /* AppDelegate.swift */,
				9D49C58623B0373500CA73EA /* SceneDelegate.swift */,
				9D49C58823B0373500CA73EA /* ContentView.swift */,
				9D49C59A23B072B900CA73EA /* URLImage.swift */,
				9D49C59823B0375000CA73EA /* ImageDownloader.swift */,
				9D49C58A23B0373900CA73EA /* Assets.xcassets */,
				9D49C58F23B0373900CA73EA /* LaunchScreen.storyboard */,
				9D49C59223B0373900CA73EA /* Info.plist */,
				9D49C58C23B0373900CA73EA /* Preview Content */,
			);
			path = ImageDownloadSwftUI;
			sourceTree = "<group>";
		};
		9D49C58C23B0373900CA73EA /* Preview Content */ = {
			isa = PBXGroup;
			children = (
				9D49C58D23B0373900CA73EA /* Preview Assets.xcassets */,
			);
			path = "Preview Content";
			sourceTree = "<group>";
		};
/* End PBXGroup section */

/* Begin PBXNativeTarget section */
		9D49C58023B0373500CA73EA /* ImageDownloadSwftUI */ = {
			isa = PBXNativeTarget;
			buildConfigurationList = 9D49C59523B0373900CA73EA /* Build configuration list for PBXNativeTarget "ImageDownloadSwftUI" */;
			buildPhases = (
				9D49C57D23B0373500CA73EA /* Sources */,
				9D49C57E23B0373500CA73EA /* Frameworks */,
				9D49C57F23B0373500CA73EA /* Resources */,
			);
			buildRules = (
			);
			dependencies = (
			);
			name = ImageDownloadSwftUI;
			productName = ImageDownloadSwftUI;
			productReference = 9D49C58123B0373500CA73EA /* ImageDownloadSwftUI.app */;
			productType = "com.apple.product-type.application";
		};
/* End PBXNativeTarget section */

/* Begin PBXProject section */
		9D49C57923B0373500CA73EA /* Project object */ = {
			isa = PBXProject;
			attributes = {
				LastSwiftUpdateCheck = 1130;
				LastUpgradeCheck = 1130;
				ORGANIZATIONNAME = "F-Works";
				TargetAttributes = {
					9D49C58023B0373500CA73EA = {
						CreatedOnToolsVersion = 11.3;
					};
				};
			};
			buildConfigurationList = 9D49C57C23B0373500CA73EA /* Build configuration list for PBXProject "ImageDownloadSwftUI" */;
			compatibilityVersion = "Xcode 9.3";
			developmentRegion = en;
			hasScannedForEncodings = 0;
			knownRegions = (
				en,
				Base,
			);
			mainGroup = 9D49C57823B0373500CA73EA;
			productRefGroup = 9D49C58223B0373500CA73EA /* Products */;
			projectDirPath = "";
			projectRoot = "";
			targets = (
				9D49C58023B0373500CA73EA /* ImageDownloadSwftUI */,
			);
		};
/* End PBXProject section */

/* Begin PBXResourcesBuildPhase section */
		9D49C57F23B0373500CA73EA /* Resources */ = {
			isa = PBXResourcesBuildPhase;
			buildActionMask = 2147483647;
			files = (
				9D49C59123B0373900CA73EA /* LaunchScreen.storyboard in Resources */,
				9D49C58E23B0373900CA73EA /* Preview Assets.xcassets in Resources */,
				9D49C58B23B0373900CA73EA /* Assets.xcassets in Resources */,
			);
			runOnlyForDeploymentPostprocessing = 0;
		};
/* End PBXResourcesBuildPhase section */

/* Begin PBXSourcesBuildPhase section */
		9D49C57D23B0373500CA73EA /* Sources */ = {
			isa = PBXSourcesBuildPhase;
			buildActionMask = 2147483647;
			files = (
				9D49C58523B0373500CA73EA /* AppDelegate.swift in Sources */,
				9D49C58723B0373500CA73EA /* SceneDelegate.swift in Sources */,
				9D49C59923B0375000CA73EA /* ImageDownloader.swift in Sources */,
				9D49C59B23B072B900CA73EA /* URLImage.swift in Sources */,
				9D49C58923B0373500CA73EA /* ContentView.swift in Sources */,
			);
			runOnlyForDeploymentPostprocessing = 0;
		};
/* End PBXSourcesBuildPhase section */

/* Begin PBXVariantGroup section */
		9D49C58F23B0373900CA73EA /* LaunchScreen.storyboard */ = {
			isa = PBXVariantGroup;
			children = (
				9D49C59023B0373900CA73EA /* Base */,
			);
			name = LaunchScreen.storyboard;
			sourceTree = "<group>";
		};
/* End PBXVariantGroup section */

/* Begin XCBuildConfiguration section */
		9D49C59323B0373900CA73EA /* Debug */ = {
			isa = XCBuildConfiguration;
			buildSettings = {
				ALWAYS_SEARCH_USER_PATHS = NO;
				CLANG_ANALYZER_NONNULL = YES;
				CLANG_ANALYZER_NUMBER_OBJECT_CONVERSION = YES_AGGRESSIVE;
				CLANG_CXX_LANGUAGE_STANDARD = "gnu++14";
				CLANG_CXX_LIBRARY = "libc++";
				CLANG_ENABLE_MODULES = YES;
				CLANG_ENABLE_OBJC_ARC = YES;
				CLANG_ENABLE_OBJC_WEAK = YES;
				CLANG_WARN_BLOCK_CAPTURE_AUTORELEASING = YES;
				CLANG_WARN_BOOL_CONVERSION = YES;
				CLANG_WARN_COMMA = YES;
				CLANG_WARN_CONSTANT_CONVERSION = YES;
				CLANG_WARN_DEPRECATED_OBJC_IMPLEMENTATIONS = YES;
				CLANG_WARN_DIRECT_OBJC_ISA_USAGE = YES_ERROR;
				CLANG_WARN_DOCUMENTATION_COMMENTS = YES;
				CLANG_WARN_EMPTY_BODY = YES;
				CLANG_WARN_ENUM_CONVERSION = YES;
				CLANG_WARN_INFINITE_RECURSION = YES;
				CLANG_WARN_INT_CONVERSION = YES;
				CLANG_WARN_NON_LITERAL_NULL_CONVERSION = YES;
				CLANG_WARN_OBJC_IMPLICIT_RETAIN_SELF = YES;
				CLANG_WARN_OBJC_LITERAL_CONVERSION = YES;
				CLANG_WARN_OBJC_ROOT_CLASS = YES_ERROR;
				CLANG_WARN_RANGE_LOOP_ANALYSIS = YES;
				CLANG_WARN_STRICT_PROTOTYPES = YES;
				CLANG_WARN_SUSPICIOUS_MOVE = YES;
				CLANG_WARN_UNGUARDED_AVAILABILITY = YES_AGGRESSIVE;
				CLANG_WARN_UNREACHABLE_CODE = YES;
				CLANG_WARN__DUPLICATE_METHOD_MATCH = YES;
				COPY_PHASE_STRIP = NO;
				DEBUG_INFORMATION_FORMAT = dwarf;
				ENABLE_STRICT_OBJC_MSGSEND = YES;
				ENABLE_TESTABILITY = YES;
				GCC_C_LANGUAGE_STANDARD = gnu11;
				GCC_DYNAMIC_NO_PIC = NO;
				GCC_NO_COMMON_BLOCKS = YES;
				GCC_OPTIMIZATION_LEVEL = 0;
				GCC_PREPROCESSOR_DEFINITIONS = (
					"DEBUG=1",
					"$(inherited)",
				);
				GCC_WARN_64_TO_32_BIT_CONVERSION = YES;
				GCC_WARN_ABOUT_RETURN_TYPE = YES_ERROR;
				GCC_WARN_UNDECLARED_SELECTOR = YES;
				GCC_WARN_UNINITIALIZED_AUTOS = YES_AGGRESSIVE;
				GCC_WARN_UNUSED_FUNCTION = YES;
				GCC_WARN_UNUSED_VARIABLE = YES;
				IPHONEOS_DEPLOYMENT_TARGET = 13.2;
				MTL_ENABLE_DEBUG_INFO = INCLUDE_SOURCE;
				MTL_FAST_MATH = YES;
				ONLY_ACTIVE_ARCH = YES;
				SDKROOT = iphoneos;
				SWIFT_ACTIVE_COMPILATION_CONDITIONS = DEBUG;
				SWIFT_OPTIMIZATION_LEVEL = "-Onone";
			};
			name = Debug;
		};
		9D49C59423B0373900CA73EA /* Release */ = {
			isa = XCBuildConfiguration;
			buildSettings = {
				ALWAYS_SEARCH_USER_PATHS = NO;
				CLANG_ANALYZER_NONNULL = YES;
				CLANG_ANALYZER_NUMBER_OBJECT_CONVERSION = YES_AGGRESSIVE;
				CLANG_CXX_LANGUAGE_STANDARD = "gnu++14";
				CLANG_CXX_LIBRARY = "libc++";
				CLANG_ENABLE_MODULES = YES;
				CLANG_ENABLE_OBJC_ARC = YES;
				CLANG_ENABLE_OBJC_WEAK = YES;
				CLANG_WARN_BLOCK_CAPTURE_AUTORELEASING = YES;
				CLANG_WARN_BOOL_CONVERSION = YES;
				CLANG_WARN_COMMA = YES;
				CLANG_WARN_CONSTANT_CONVERSION = YES;
				CLANG_WARN_DEPRECATED_OBJC_IMPLEMENTATIONS = YES;
				CLANG_WARN_DIRECT_OBJC_ISA_USAGE = YES_ERROR;
				CLANG_WARN_DOCUMENTATION_COMMENTS = YES;
				CLANG_WARN_EMPTY_BODY = YES;
				CLANG_WARN_ENUM_CONVERSION = YES;
				CLANG_WARN_INFINITE_RECURSION = YES;
				CLANG_WARN_INT_CONVERSION = YES;
				CLANG_WARN_NON_LITERAL_NULL_CONVERSION = YES;
				CLANG_WARN_OBJC_IMPLICIT_RETAIN_SELF = YES;
				CLANG_WARN_OBJC_LITERAL_CONVERSION = YES;
				CLANG_WARN_OBJC_ROOT_CLASS = YES_ERROR;
				CLANG_WARN_RANGE_LOOP_ANALYSIS = YES;
				CLANG_WARN_STRICT_PROTOTYPES = YES;
				CLANG_WARN_SUSPICIOUS_MOVE = YES;
				CLANG_WARN_UNGUARDED_AVAILABILITY = YES_AGGRESSIVE;
				CLANG_WARN_UNREACHABLE_CODE = YES;
				CLANG_WARN__DUPLICATE_METHOD_MATCH = YES;
				COPY_PHASE_STRIP = NO;
				DEBUG_INFORMATION_FORMAT = "dwarf-with-dsym";
				ENABLE_NS_ASSERTIONS = NO;
				ENABLE_STRICT_OBJC_MSGSEND = YES;
				GCC_C_LANGUAGE_STANDARD = gnu11;
				GCC_NO_COMMON_BLOCKS = YES;
				GCC_WARN_64_TO_32_BIT_CONVERSION = YES;
				GCC_WARN_ABOUT_RETURN_TYPE = YES_ERROR;
				GCC_WARN_UNDECLARED_SELECTOR = YES;
				GCC_WARN_UNINITIALIZED_AUTOS = YES_AGGRESSIVE;
				GCC_WARN_UNUSED_FUNCTION = YES;
				GCC_WARN_UNUSED_VARIABLE = YES;
				IPHONEOS_DEPLOYMENT_TARGET = 13.2;
				MTL_ENABLE_DEBUG_INFO = NO;
				MTL_FAST_MATH = YES;
				SDKROOT = iphoneos;
				SWIFT_COMPILATION_MODE = wholemodule;
				SWIFT_OPTIMIZATION_LEVEL = "-O";
				VALIDATE_PRODUCT = YES;
			};
			name = Release;
		};
		9D49C59623B0373900CA73EA /* Debug */ = {
			isa = XCBuildConfiguration;
			buildSettings = {
				ASSETCATALOG_COMPILER_APPICON_NAME = AppIcon;
				CODE_SIGN_STYLE = Automatic;
				DEVELOPMENT_ASSET_PATHS = "\"ImageDownloadSwftUI/Preview Content\"";
				ENABLE_PREVIEWS = YES;
				INFOPLIST_FILE = ImageDownloadSwftUI/Info.plist;
				LD_RUNPATH_SEARCH_PATHS = (
					"$(inherited)",
					"@executable_path/Frameworks",
				);
				PRODUCT_BUNDLE_IDENTIFIER = FromF.github.com.ImageDownloadSwftUI;
				PRODUCT_NAME = "$(TARGET_NAME)";
				SWIFT_VERSION = 5.0;
				TARGETED_DEVICE_FAMILY = "1,2";
			};
			name = Debug;
		};
		9D49C59723B0373900CA73EA /* Release */ = {
			isa = XCBuildConfiguration;
			buildSettings = {
				ASSETCATALOG_COMPILER_APPICON_NAME = AppIcon;
				CODE_SIGN_STYLE = Automatic;
				DEVELOPMENT_ASSET_PATHS = "\"ImageDownloadSwftUI/Preview Content\"";
				ENABLE_PREVIEWS = YES;
				INFOPLIST_FILE = ImageDownloadSwftUI/Info.plist;
				LD_RUNPATH_SEARCH_PATHS = (
					"$(inherited)",
					"@executable_path/Frameworks",
				);
				PRODUCT_BUNDLE_IDENTIFIER = FromF.github.com.ImageDownloadSwftUI;
				PRODUCT_NAME = "$(TARGET_NAME)";
				SWIFT_VERSION = 5.0;
				TARGETED_DEVICE_FAMILY = "1,2";
			};
			name = Release;
		};
/* End XCBuildConfiguration section */

/* Begin XCConfigurationList section */
		9D49C57C23B0373500CA73EA /* Build configuration list for PBXProject "ImageDownloadSwftUI" */ = {
			isa = XCConfigurationList;
			buildConfigurations = (
				9D49C59323B0373900CA73EA /* Debug */,
				9D49C59423B0373900CA73EA /* Release */,
			);
			defaultConfigurationIsVisible = 0;
			defaultConfigurationName = Release;
		};
		9D49C59523B0373900CA73EA /* Build configuration list for PBXNativeTarget "ImageDownloadSwftUI" */ = {
			isa = XCConfigurationList;
			buildConfigurations = (
				9D49C59623B0373900CA73EA /* Debug */,
				9D49C59723B0373900CA73EA /* Release */,
			);
			defaultConfigurationIsVisible = 0;
			defaultConfigurationName = Release;
		};
/* End XCConfigurationList section */
	};
	rootObject = 9D49C57923B0373500CA73EA /* Project object */;
}
