// !$*UTF8*$!
{
	archiveVersion = 1;
	classes = {
	};
	objectVersion = 50;
	objects = {

/* Begin PBXBuildFile section */
		7E48956222B13187005A3916 /* CircleImage.swift in Sources */ = {isa = PBXBuildFile; fileRef = 7E48956122B13187005A3916 /* CircleImage.swift */; };
		7E48956422B132EE005A3916 /* MapView.swift in Sources */ = {isa = PBXBuildFile; fileRef = 7E48956322B132EE005A3916 /* MapView.swift */; };
		7EC82B9A22B108880099553F /* AppDelegate.swift in Sources */ = {isa = PBXBuildFile; fileRef = 7EC82B9922B108880099553F /* AppDelegate.swift */; };
		7EC82B9C22B108880099553F /* SceneDelegate.swift in Sources */ = {isa = PBXBuildFile; fileRef = 7EC82B9B22B108880099553F /* SceneDelegate.swift */; };
		7EC82B9E22B108880099553F /* ContentView.swift in Sources */ = {isa = PBXBuildFile; fileRef = 7EC82B9D22B108880099553F /* ContentView.swift */; };
		7EC82BA022B1088A0099553F /* Assets.xcassets in Resources */ = {isa = PBXBuildFile; fileRef = 7EC82B9F22B1088A0099553F /* Assets.xcassets */; };
		7EC82BA322B1088A0099553F /* Preview Assets.xcassets in Resources */ = {isa = PBXBuildFile; fileRef = 7EC82BA222B1088A0099553F /* Preview Assets.xcassets */; };
		7EC82BA622B1088A0099553F /* LaunchScreen.storyboard in Resources */ = {isa = PBXBuildFile; fileRef = 7EC82BA422B1088A0099553F /* LaunchScreen.storyboard */; };
		7EC82BB122B1088A0099553F /* LandmarksTests.swift in Sources */ = {isa = PBXBuildFile; fileRef = 7EC82BB022B1088A0099553F /* LandmarksTests.swift */; };
		7EC82BBC22B1088A0099553F /* LandmarksUITests.swift in Sources */ = {isa = PBXBuildFile; fileRef = 7EC82BBB22B1088A0099553F /* LandmarksUITests.swift */; };
/* End PBXBuildFile section */

/* Begin PBXContainerItemProxy section */
		7EC82BAD22B1088A0099553F /* PBXContainerItemProxy */ = {
			isa = PBXContainerItemProxy;
			containerPortal = 7EC82B8E22B108880099553F /* Project object */;
			proxyType = 1;
			remoteGlobalIDString = 7EC82B9522B108880099553F;
			remoteInfo = Landmarks;
		};
		7EC82BB822B1088A0099553F /* PBXContainerItemProxy */ = {
			isa = PBXContainerItemProxy;
			containerPortal = 7EC82B8E22B108880099553F /* Project object */;
			proxyType = 1;
			remoteGlobalIDString = 7EC82B9522B108880099553F;
			remoteInfo = Landmarks;
		};
/* End PBXContainerItemProxy section */

/* Begin PBXFileReference section */
		7E48956122B13187005A3916 /* CircleImage.swift */ = {isa = PBXFileReference; lastKnownFileType = sourcecode.swift; path = CircleImage.swift; sourceTree = "<group>"; };
		7E48956322B132EE005A3916 /* MapView.swift */ = {isa = PBXFileReference; lastKnownFileType = sourcecode.swift; path = MapView.swift; sourceTree = "<group>"; };
		7EC82B9622B108880099553F /* Landmarks.app */ = {isa = PBXFileReference; explicitFileType = wrapper.application; includeInIndex = 0; path = Landmarks.app; sourceTree = BUILT_PRODUCTS_DIR; };
		7EC82B9922B108880099553F /* AppDelegate.swift */ = {isa = PBXFileReference; lastKnownFileType = sourcecode.swift; path = AppDelegate.swift; sourceTree = "<group>"; };
		7EC82B9B22B108880099553F /* SceneDelegate.swift */ = {isa = PBXFileReference; lastKnownFileType = sourcecode.swift; path = SceneDelegate.swift; sourceTree = "<group>"; };
		7EC82B9D22B108880099553F /* ContentView.swift */ = {isa = PBXFileReference; lastKnownFileType = sourcecode.swift; path = ContentView.swift; sourceTree = "<group>"; };
		7EC82B9F22B1088A0099553F /* Assets.xcassets */ = {isa = PBXFileReference; lastKnownFileType = folder.assetcatalog; path = Assets.xcassets; sourceTree = "<group>"; };
		7EC82BA222B1088A0099553F /* Preview Assets.xcassets */ = {isa = PBXFileReference; lastKnownFileType = folder.assetcatalog; path = "Preview Assets.xcassets"; sourceTree = "<group>"; };
		7EC82BA522B1088A0099553F /* Base */ = {isa = PBXFileReference; lastKnownFileType = file.storyboard; name = Base; path = Base.lproj/LaunchScreen.storyboard; sourceTree = "<group>"; };
		7EC82BA722B1088A0099553F /* Info.plist */ = {isa = PBXFileReference; lastKnownFileType = text.plist.xml; path = Info.plist; sourceTree = "<group>"; };
		7EC82BAC22B1088A0099553F /* LandmarksTests.xctest */ = {isa = PBXFileReference; explicitFileType = wrapper.cfbundle; includeInIndex = 0; path = LandmarksTests.xctest; sourceTree = BUILT_PRODUCTS_DIR; };
		7EC82BB022B1088A0099553F /* LandmarksTests.swift */ = {isa = PBXFileReference; lastKnownFileType = sourcecode.swift; path = LandmarksTests.swift; sourceTree = "<group>"; };
		7EC82BB222B1088A0099553F /* Info.plist */ = {isa = PBXFileReference; lastKnownFileType = text.plist.xml; path = Info.plist; sourceTree = "<group>"; };
		7EC82BB722B1088A0099553F /* LandmarksUITests.xctest */ = {isa = PBXFileReference; explicitFileType = wrapper.cfbundle; includeInIndex = 0; path = LandmarksUITests.xctest; sourceTree = BUILT_PRODUCTS_DIR; };
		7EC82BBB22B1088A0099553F /* LandmarksUITests.swift */ = {isa = PBXFileReference; lastKnownFileType = sourcecode.swift; path = LandmarksUITests.swift; sourceTree = "<group>"; };
		7EC82BBD22B1088A0099553F /* Info.plist */ = {isa = PBXFileReference; lastKnownFileType = text.plist.xml; path = Info.plist; sourceTree = "<group>"; };
/* End PBXFileReference section */

/* Begin PBXFrameworksBuildPhase section */
		7EC82B9322B108880099553F /* Frameworks */ = {
			isa = PBXFrameworksBuildPhase;
			buildActionMask = 2147483647;
			files = (
			);
			runOnlyForDeploymentPostprocessing = 0;
		};
		7EC82BA922B1088A0099553F /* Frameworks */ = {
			isa = PBXFrameworksBuildPhase;
			buildActionMask = 2147483647;
			files = (
			);
			runOnlyForDeploymentPostprocessing = 0;
		};
		7EC82BB422B1088A0099553F /* Frameworks */ = {
			isa = PBXFrameworksBuildPhase;
			buildActionMask = 2147483647;
			files = (
			);
			runOnlyForDeploymentPostprocessing = 0;
		};
/* End PBXFrameworksBuildPhase section */

/* Begin PBXGroup section */
		7EC82B8D22B108880099553F = {
			isa = PBXGroup;
			children = (
				7EC82B9822B108880099553F /* Landmarks */,
				7EC82BAF22B1088A0099553F /* LandmarksTests */,
				7EC82BBA22B1088A0099553F /* LandmarksUITests */,
				7EC82B9722B108880099553F /* Products */,
			);
			sourceTree = "<group>";
		};
		7EC82B9722B108880099553F /* Products */ = {
			isa = PBXGroup;
			children = (
				7EC82B9622B108880099553F /* Landmarks.app */,
				7EC82BAC22B1088A0099553F /* LandmarksTests.xctest */,
				7EC82BB722B1088A0099553F /* LandmarksUITests.xctest */,
			);
			name = Products;
			sourceTree = "<group>";
		};
		7EC82B9822B108880099553F /* Landmarks */ = {
			isa = PBXGroup;
			children = (
				7EC82B9922B108880099553F /* AppDelegate.swift */,
				7EC82B9B22B108880099553F /* SceneDelegate.swift */,
				7EC82B9D22B108880099553F /* ContentView.swift */,
				7E48956122B13187005A3916 /* CircleImage.swift */,
				7E48956322B132EE005A3916 /* MapView.swift */,
				7EC82B9F22B1088A0099553F /* Assets.xcassets */,
				7EC82BA422B1088A0099553F /* LaunchScreen.storyboard */,
				7EC82BA722B1088A0099553F /* Info.plist */,
				7EC82BA122B1088A0099553F /* Preview Content */,
			);
			path = Landmarks;
			sourceTree = "<group>";
		};
		7EC82BA122B1088A0099553F /* Preview Content */ = {
			isa = PBXGroup;
			children = (
				7EC82BA222B1088A0099553F /* Preview Assets.xcassets */,
			);
			path = "Preview Content";
			sourceTree = "<group>";
		};
		7EC82BAF22B1088A0099553F /* LandmarksTests */ = {
			isa = PBXGroup;
			children = (
				7EC82BB022B1088A0099553F /* LandmarksTests.swift */,
				7EC82BB222B1088A0099553F /* Info.plist */,
			);
			path = LandmarksTests;
			sourceTree = "<group>";
		};
		7EC82BBA22B1088A0099553F /* LandmarksUITests */ = {
			isa = PBXGroup;
			children = (
				7EC82BBB22B1088A0099553F /* LandmarksUITests.swift */,
				7EC82BBD22B1088A0099553F /* Info.plist */,
			);
			path = LandmarksUITests;
			sourceTree = "<group>";
		};
/* End PBXGroup section */

/* Begin PBXNativeTarget section */
		7EC82B9522B108880099553F /* Landmarks */ = {
			isa = PBXNativeTarget;
			buildConfigurationList = 7EC82BC022B1088A0099553F /* Build configuration list for PBXNativeTarget "Landmarks" */;
			buildPhases = (
				7EC82B9222B108880099553F /* Sources */,
				7EC82B9322B108880099553F /* Frameworks */,
				7EC82B9422B108880099553F /* Resources */,
			);
			buildRules = (
			);
			dependencies = (
			);
			name = Landmarks;
			productName = Landmarks;
			productReference = 7EC82B9622B108880099553F /* Landmarks.app */;
			productType = "com.apple.product-type.application";
		};
		7EC82BAB22B1088A0099553F /* LandmarksTests */ = {
			isa = PBXNativeTarget;
			buildConfigurationList = 7EC82BC322B1088A0099553F /* Build configuration list for PBXNativeTarget "LandmarksTests" */;
			buildPhases = (
				7EC82BA822B1088A0099553F /* Sources */,
				7EC82BA922B1088A0099553F /* Frameworks */,
				7EC82BAA22B1088A0099553F /* Resources */,
			);
			buildRules = (
			);
			dependencies = (
				7EC82BAE22B1088A0099553F /* PBXTargetDependency */,
			);
			name = LandmarksTests;
			productName = LandmarksTests;
			productReference = 7EC82BAC22B1088A0099553F /* LandmarksTests.xctest */;
			productType = "com.apple.product-type.bundle.unit-test";
		};
		7EC82BB622B1088A0099553F /* LandmarksUITests */ = {
			isa = PBXNativeTarget;
			buildConfigurationList = 7EC82BC622B1088A0099553F /* Build configuration list for PBXNativeTarget "LandmarksUITests" */;
			buildPhases = (
				7EC82BB322B1088A0099553F /* Sources */,
				7EC82BB422B1088A0099553F /* Frameworks */,
				7EC82BB522B1088A0099553F /* Resources */,
			);
			buildRules = (
			);
			dependencies = (
				7EC82BB922B1088A0099553F /* PBXTargetDependency */,
			);
			name = LandmarksUITests;
			productName = LandmarksUITests;
			productReference = 7EC82BB722B1088A0099553F /* LandmarksUITests.xctest */;
			productType = "com.apple.product-type.bundle.ui-testing";
		};
/* End PBXNativeTarget section */

/* Begin PBXProject section */
		7EC82B8E22B108880099553F /* Project object */ = {
			isa = PBXProject;
			attributes = {
				LastSwiftUpdateCheck = 1100;
				LastUpgradeCheck = 1100;
				ORGANIZATIONNAME = FromF.github.com;
				TargetAttributes = {
					7EC82B9522B108880099553F = {
						CreatedOnToolsVersion = 11.0;
					};
					7EC82BAB22B1088A0099553F = {
						CreatedOnToolsVersion = 11.0;
						TestTargetID = 7EC82B9522B108880099553F;
					};
					7EC82BB622B1088A0099553F = {
						CreatedOnToolsVersion = 11.0;
						TestTargetID = 7EC82B9522B108880099553F;
					};
				};
			};
			buildConfigurationList = 7EC82B9122B108880099553F /* Build configuration list for PBXProject "Landmarks" */;
			compatibilityVersion = "Xcode 9.3";
			developmentRegion = en;
			hasScannedForEncodings = 0;
			knownRegions = (
				en,
				Base,
			);
			mainGroup = 7EC82B8D22B108880099553F;
			productRefGroup = 7EC82B9722B108880099553F /* Products */;
			projectDirPath = "";
			projectRoot = "";
			targets = (
				7EC82B9522B108880099553F /* Landmarks */,
				7EC82BAB22B1088A0099553F /* LandmarksTests */,
				7EC82BB622B1088A0099553F /* LandmarksUITests */,
			);
		};
/* End PBXProject section */

/* Begin PBXResourcesBuildPhase section */
		7EC82B9422B108880099553F /* Resources */ = {
			isa = PBXResourcesBuildPhase;
			buildActionMask = 2147483647;
			files = (
				7EC82BA622B1088A0099553F /* LaunchScreen.storyboard in Resources */,
				7EC82BA322B1088A0099553F /* Preview Assets.xcassets in Resources */,
				7EC82BA022B1088A0099553F /* Assets.xcassets in Resources */,
			);
			runOnlyForDeploymentPostprocessing = 0;
		};
		7EC82BAA22B1088A0099553F /* Resources */ = {
			isa = PBXResourcesBuildPhase;
			buildActionMask = 2147483647;
			files = (
			);
			runOnlyForDeploymentPostprocessing = 0;
		};
		7EC82BB522B1088A0099553F /* Resources */ = {
			isa = PBXResourcesBuildPhase;
			buildActionMask = 2147483647;
			files = (
			);
			runOnlyForDeploymentPostprocessing = 0;
		};
/* End PBXResourcesBuildPhase section */

/* Begin PBXSourcesBuildPhase section */
		7EC82B9222B108880099553F /* Sources */ = {
			isa = PBXSourcesBuildPhase;
			buildActionMask = 2147483647;
			files = (
				7EC82B9A22B108880099553F /* AppDelegate.swift in Sources */,
				7E48956222B13187005A3916 /* CircleImage.swift in Sources */,
				7E48956422B132EE005A3916 /* MapView.swift in Sources */,
				7EC82B9C22B108880099553F /* SceneDelegate.swift in Sources */,
				7EC82B9E22B108880099553F /* ContentView.swift in Sources */,
			);
			runOnlyForDeploymentPostprocessing = 0;
		};
		7EC82BA822B1088A0099553F /* Sources */ = {
			isa = PBXSourcesBuildPhase;
			buildActionMask = 2147483647;
			files = (
				7EC82BB122B1088A0099553F /* LandmarksTests.swift in Sources */,
			);
			runOnlyForDeploymentPostprocessing = 0;
		};
		7EC82BB322B1088A0099553F /* Sources */ = {
			isa = PBXSourcesBuildPhase;
			buildActionMask = 2147483647;
			files = (
				7EC82BBC22B1088A0099553F /* LandmarksUITests.swift in Sources */,
			);
			runOnlyForDeploymentPostprocessing = 0;
		};
/* End PBXSourcesBuildPhase section */

/* Begin PBXTargetDependency section */
		7EC82BAE22B1088A0099553F /* PBXTargetDependency */ = {
			isa = PBXTargetDependency;
			target = 7EC82B9522B108880099553F /* Landmarks */;
			targetProxy = 7EC82BAD22B1088A0099553F /* PBXContainerItemProxy */;
		};
		7EC82BB922B1088A0099553F /* PBXTargetDependency */ = {
			isa = PBXTargetDependency;
			target = 7EC82B9522B108880099553F /* Landmarks */;
			targetProxy = 7EC82BB822B1088A0099553F /* PBXContainerItemProxy */;
		};
/* End PBXTargetDependency section */

/* Begin PBXVariantGroup section */
		7EC82BA422B1088A0099553F /* LaunchScreen.storyboard */ = {
			isa = PBXVariantGroup;
			children = (
				7EC82BA522B1088A0099553F /* Base */,
			);
			name = LaunchScreen.storyboard;
			sourceTree = "<group>";
		};
/* End PBXVariantGroup section */

/* Begin XCBuildConfiguration section */
		7EC82BBE22B1088A0099553F /* Debug */ = {
			isa = XCBuildConfiguration;
			buildSettings = {
				ALWAYS_SEARCH_USER_PATHS = NO;
				CLANG_ANALYZER_NONNULL = YES;
				CLANG_ANALYZER_NUMBER_OBJECT_CONVERSION = YES_AGGRESSIVE;
				CLANG_CXX_LANGUAGE_STANDARD = "gnu++14";
				CLANG_CXX_LIBRARY = "libc++";
				CLANG_ENABLE_MODULES = YES;
				CLANG_ENABLE_OBJC_ARC = YES;
				CLANG_ENABLE_OBJC_WEAK = YES;
				CLANG_WARN_BLOCK_CAPTURE_AUTORELEASING = YES;
				CLANG_WARN_BOOL_CONVERSION = YES;
				CLANG_WARN_COMMA = YES;
				CLANG_WARN_CONSTANT_CONVERSION = YES;
				CLANG_WARN_DEPRECATED_OBJC_IMPLEMENTATIONS = YES;
				CLANG_WARN_DIRECT_OBJC_ISA_USAGE = YES_ERROR;
				CLANG_WARN_DOCUMENTATION_COMMENTS = YES;
				CLANG_WARN_EMPTY_BODY = YES;
				CLANG_WARN_ENUM_CONVERSION = YES;
				CLANG_WARN_INFINITE_RECURSION = YES;
				CLANG_WARN_INT_CONVERSION = YES;
				CLANG_WARN_NON_LITERAL_NULL_CONVERSION = YES;
				CLANG_WARN_OBJC_IMPLICIT_RETAIN_SELF = YES;
				CLANG_WARN_OBJC_LITERAL_CONVERSION = YES;
				CLANG_WARN_OBJC_ROOT_CLASS = YES_ERROR;
				CLANG_WARN_RANGE_LOOP_ANALYSIS = YES;
				CLANG_WARN_STRICT_PROTOTYPES = YES;
				CLANG_WARN_SUSPICIOUS_MOVE = YES;
				CLANG_WARN_UNGUARDED_AVAILABILITY = YES_AGGRESSIVE;
				CLANG_WARN_UNREACHABLE_CODE = YES;
				CLANG_WARN__DUPLICATE_METHOD_MATCH = YES;
				COPY_PHASE_STRIP = NO;
				DEBUG_INFORMATION_FORMAT = dwarf;
				ENABLE_STRICT_OBJC_MSGSEND = YES;
				ENABLE_TESTABILITY = YES;
				GCC_C_LANGUAGE_STANDARD = gnu11;
				GCC_DYNAMIC_NO_PIC = NO;
				GCC_NO_COMMON_BLOCKS = YES;
				GCC_OPTIMIZATION_LEVEL = 0;
				GCC_PREPROCESSOR_DEFINITIONS = (
					"DEBUG=1",
					"$(inherited)",
				);
				GCC_WARN_64_TO_32_BIT_CONVERSION = YES;
				GCC_WARN_ABOUT_RETURN_TYPE = YES_ERROR;
				GCC_WARN_UNDECLARED_SELECTOR = YES;
				GCC_WARN_UNINITIALIZED_AUTOS = YES_AGGRESSIVE;
				GCC_WARN_UNUSED_FUNCTION = YES;
				GCC_WARN_UNUSED_VARIABLE = YES;
				IPHONEOS_DEPLOYMENT_TARGET = 13.0;
				MTL_ENABLE_DEBUG_INFO = INCLUDE_SOURCE;
				MTL_FAST_MATH = YES;
				ONLY_ACTIVE_ARCH = YES;
				SDKROOT = iphoneos;
				SWIFT_ACTIVE_COMPILATION_CONDITIONS = DEBUG;
				SWIFT_OPTIMIZATION_LEVEL = "-Onone";
			};
			name = Debug;
		};
		7EC82BBF22B1088A0099553F /* Release */ = {
			isa = XCBuildConfiguration;
			buildSettings = {
				ALWAYS_SEARCH_USER_PATHS = NO;
				CLANG_ANALYZER_NONNULL = YES;
				CLANG_ANALYZER_NUMBER_OBJECT_CONVERSION = YES_AGGRESSIVE;
				CLANG_CXX_LANGUAGE_STANDARD = "gnu++14";
				CLANG_CXX_LIBRARY = "libc++";
				CLANG_ENABLE_MODULES = YES;
				CLANG_ENABLE_OBJC_ARC = YES;
				CLANG_ENABLE_OBJC_WEAK = YES;
				CLANG_WARN_BLOCK_CAPTURE_AUTORELEASING = YES;
				CLANG_WARN_BOOL_CONVERSION = YES;
				CLANG_WARN_COMMA = YES;
				CLANG_WARN_CONSTANT_CONVERSION = YES;
				CLANG_WARN_DEPRECATED_OBJC_IMPLEMENTATIONS = YES;
				CLANG_WARN_DIRECT_OBJC_ISA_USAGE = YES_ERROR;
				CLANG_WARN_DOCUMENTATION_COMMENTS = YES;
				CLANG_WARN_EMPTY_BODY = YES;
				CLANG_WARN_ENUM_CONVERSION = YES;
				CLANG_WARN_INFINITE_RECURSION = YES;
				CLANG_WARN_INT_CONVERSION = YES;
				CLANG_WARN_NON_LITERAL_NULL_CONVERSION = YES;
				CLANG_WARN_OBJC_IMPLICIT_RETAIN_SELF = YES;
				CLANG_WARN_OBJC_LITERAL_CONVERSION = YES;
				CLANG_WARN_OBJC_ROOT_CLASS = YES_ERROR;
				CLANG_WARN_RANGE_LOOP_ANALYSIS = YES;
				CLANG_WARN_STRICT_PROTOTYPES = YES;
				CLANG_WARN_SUSPICIOUS_MOVE = YES;
				CLANG_WARN_UNGUARDED_AVAILABILITY = YES_AGGRESSIVE;
				CLANG_WARN_UNREACHABLE_CODE = YES;
				CLANG_WARN__DUPLICATE_METHOD_MATCH = YES;
				COPY_PHASE_STRIP = NO;
				DEBUG_INFORMATION_FORMAT = "dwarf-with-dsym";
				ENABLE_NS_ASSERTIONS = NO;
				ENABLE_STRICT_OBJC_MSGSEND = YES;
				GCC_C_LANGUAGE_STANDARD = gnu11;
				GCC_NO_COMMON_BLOCKS = YES;
				GCC_WARN_64_TO_32_BIT_CONVERSION = YES;
				GCC_WARN_ABOUT_RETURN_TYPE = YES_ERROR;
				GCC_WARN_UNDECLARED_SELECTOR = YES;
				GCC_WARN_UNINITIALIZED_AUTOS = YES_AGGRESSIVE;
				GCC_WARN_UNUSED_FUNCTION = YES;
				GCC_WARN_UNUSED_VARIABLE = YES;
				IPHONEOS_DEPLOYMENT_TARGET = 13.0;
				MTL_ENABLE_DEBUG_INFO = NO;
				MTL_FAST_MATH = YES;
				SDKROOT = iphoneos;
				SWIFT_COMPILATION_MODE = wholemodule;
				SWIFT_OPTIMIZATION_LEVEL = "-O";
				VALIDATE_PRODUCT = YES;
			};
			name = Release;
		};
		7EC82BC122B1088A0099553F /* Debug */ = {
			isa = XCBuildConfiguration;
			buildSettings = {
				ASSETCATALOG_COMPILER_APPICON_NAME = AppIcon;
				CODE_SIGN_STYLE = Automatic;
				DEVELOPMENT_ASSET_PATHS = "Landmarks/Preview\\ Content";
				ENABLE_PREVIEWS = YES;
				INFOPLIST_FILE = Landmarks/Info.plist;
				LD_RUNPATH_SEARCH_PATHS = (
					"$(inherited)",
					"@executable_path/Frameworks",
				);
				PRODUCT_BUNDLE_IDENTIFIER = FromF.github.com.Landmarks;
				PRODUCT_NAME = "$(TARGET_NAME)";
				SWIFT_VERSION = 5.0;
				TARGETED_DEVICE_FAMILY = "1,2";
			};
			name = Debug;
		};
		7EC82BC222B1088A0099553F /* Release */ = {
			isa = XCBuildConfiguration;
			buildSettings = {
				ASSETCATALOG_COMPILER_APPICON_NAME = AppIcon;
				CODE_SIGN_STYLE = Automatic;
				DEVELOPMENT_ASSET_PATHS = "Landmarks/Preview\\ Content";
				ENABLE_PREVIEWS = YES;
				INFOPLIST_FILE = Landmarks/Info.plist;
				LD_RUNPATH_SEARCH_PATHS = (
					"$(inherited)",
					"@executable_path/Frameworks",
				);
				PRODUCT_BUNDLE_IDENTIFIER = FromF.github.com.Landmarks;
				PRODUCT_NAME = "$(TARGET_NAME)";
				SWIFT_VERSION = 5.0;
				TARGETED_DEVICE_FAMILY = "1,2";
			};
			name = Release;
		};
		7EC82BC422B1088A0099553F /* Debug */ = {
			isa = XCBuildConfiguration;
			buildSettings = {
				ALWAYS_EMBED_SWIFT_STANDARD_LIBRARIES = YES;
				BUNDLE_LOADER = "$(TEST_HOST)";
				CODE_SIGN_STYLE = Automatic;
				INFOPLIST_FILE = LandmarksTests/Info.plist;
				LD_RUNPATH_SEARCH_PATHS = (
					"$(inherited)",
					"@executable_path/Frameworks",
					"@loader_path/Frameworks",
				);
				PRODUCT_BUNDLE_IDENTIFIER = FromF.github.com.LandmarksTests;
				PRODUCT_NAME = "$(TARGET_NAME)";
				SWIFT_VERSION = 5.0;
				TARGETED_DEVICE_FAMILY = "1,2";
				TEST_HOST = "$(BUILT_PRODUCTS_DIR)/Landmarks.app/Landmarks";
			};
			name = Debug;
		};
		7EC82BC522B1088A0099553F /* Release */ = {
			isa = XCBuildConfiguration;
			buildSettings = {
				ALWAYS_EMBED_SWIFT_STANDARD_LIBRARIES = YES;
				BUNDLE_LOADER = "$(TEST_HOST)";
				CODE_SIGN_STYLE = Automatic;
				INFOPLIST_FILE = LandmarksTests/Info.plist;
				LD_RUNPATH_SEARCH_PATHS = (
					"$(inherited)",
					"@executable_path/Frameworks",
					"@loader_path/Frameworks",
				);
				PRODUCT_BUNDLE_IDENTIFIER = FromF.github.com.LandmarksTests;
				PRODUCT_NAME = "$(TARGET_NAME)";
				SWIFT_VERSION = 5.0;
				TARGETED_DEVICE_FAMILY = "1,2";
				TEST_HOST = "$(BUILT_PRODUCTS_DIR)/Landmarks.app/Landmarks";
			};
			name = Release;
		};
		7EC82BC722B1088A0099553F /* Debug */ = {
			isa = XCBuildConfiguration;
			buildSettings = {
				ALWAYS_EMBED_SWIFT_STANDARD_LIBRARIES = YES;
				CODE_SIGN_STYLE = Automatic;
				INFOPLIST_FILE = LandmarksUITests/Info.plist;
				LD_RUNPATH_SEARCH_PATHS = (
					"$(inherited)",
					"@executable_path/Frameworks",
					"@loader_path/Frameworks",
				);
				PRODUCT_BUNDLE_IDENTIFIER = FromF.github.com.LandmarksUITests;
				PRODUCT_NAME = "$(TARGET_NAME)";
				SWIFT_VERSION = 5.0;
				TARGETED_DEVICE_FAMILY = "1,2";
				TEST_TARGET_NAME = Landmarks;
			};
			name = Debug;
		};
		7EC82BC822B1088A0099553F /* Release */ = {
			isa = XCBuildConfiguration;
			buildSettings = {
				ALWAYS_EMBED_SWIFT_STANDARD_LIBRARIES = YES;
				CODE_SIGN_STYLE = Automatic;
				INFOPLIST_FILE = LandmarksUITests/Info.plist;
				LD_RUNPATH_SEARCH_PATHS = (
					"$(inherited)",
					"@executable_path/Frameworks",
					"@loader_path/Frameworks",
				);
				PRODUCT_BUNDLE_IDENTIFIER = FromF.github.com.LandmarksUITests;
				PRODUCT_NAME = "$(TARGET_NAME)";
				SWIFT_VERSION = 5.0;
				TARGETED_DEVICE_FAMILY = "1,2";
				TEST_TARGET_NAME = Landmarks;
			};
			name = Release;
		};
/* End XCBuildConfiguration section */

/* Begin XCConfigurationList section */
		7EC82B9122B108880099553F /* Build configuration list for PBXProject "Landmarks" */ = {
			isa = XCConfigurationList;
			buildConfigurations = (
				7EC82BBE22B1088A0099553F /* Debug */,
				7EC82BBF22B1088A0099553F /* Release */,
			);
			defaultConfigurationIsVisible = 0;
			defaultConfigurationName = Release;
		};
		7EC82BC022B1088A0099553F /* Build configuration list for PBXNativeTarget "Landmarks" */ = {
			isa = XCConfigurationList;
			buildConfigurations = (
				7EC82BC122B1088A0099553F /* Debug */,
				7EC82BC222B1088A0099553F /* Release */,
			);
			defaultConfigurationIsVisible = 0;
			defaultConfigurationName = Release;
		};
		7EC82BC322B1088A0099553F /* Build configuration list for PBXNativeTarget "LandmarksTests" */ = {
			isa = XCConfigurationList;
			buildConfigurations = (
				7EC82BC422B1088A0099553F /* Debug */,
				7EC82BC522B1088A0099553F /* Release */,
			);
			defaultConfigurationIsVisible = 0;
			defaultConfigurationName = Release;
		};
		7EC82BC622B1088A0099553F /* Build configuration list for PBXNativeTarget "LandmarksUITests" */ = {
			isa = XCConfigurationList;
			buildConfigurations = (
				7EC82BC722B1088A0099553F /* Debug */,
				7EC82BC822B1088A0099553F /* Release */,
			);
			defaultConfigurationIsVisible = 0;
			defaultConfigurationName = Release;
		};
/* End XCConfigurationList section */
	};
	rootObject = 7EC82B8E22B108880099553F /* Project object */;
}
